// !$*UTF8*$!
{
	archiveVersion = 1;
	classes = {
	};
	objectVersion = 56;
	objects = {

/* Begin PBXBuildFile section */
		82B89130299B8E69008792D0 /* Service.swift in Sources */ = {isa = PBXBuildFile; fileRef = 82B8912F299B8E69008792D0 /* Service.swift */; };
		C18F607D29923E4B00168E0D /* BaheyAppApp.swift in Sources */ = {isa = PBXBuildFile; fileRef = C18F607C29923E4B00168E0D /* BaheyAppApp.swift */; };
		C18F607F29923E4B00168E0D /* ContentView.swift in Sources */ = {isa = PBXBuildFile; fileRef = C18F607E29923E4B00168E0D /* ContentView.swift */; };
		C18F608129923E4C00168E0D /* Assets.xcassets in Resources */ = {isa = PBXBuildFile; fileRef = C18F608029923E4C00168E0D /* Assets.xcassets */; };
		C18F608F29923EAF00168E0D /* Explore.swift in Sources */ = {isa = PBXBuildFile; fileRef = C18F608E29923EAF00168E0D /* Explore.swift */; };
		C18F609129923EE500168E0D /* OnBoarding.swift in Sources */ = {isa = PBXBuildFile; fileRef = C18F609029923EE500168E0D /* OnBoarding.swift */; };
		C18F609329923EFE00168E0D /* Splash.swift in Sources */ = {isa = PBXBuildFile; fileRef = C18F609229923EFE00168E0D /* Splash.swift */; };
		C18F609529923F2000168E0D /* ExploreCategories.swift in Sources */ = {isa = PBXBuildFile; fileRef = C18F609429923F2000168E0D /* ExploreCategories.swift */; };
		C18F609729923F3800168E0D /* ProviderInfo.swift in Sources */ = {isa = PBXBuildFile; fileRef = C18F609629923F3800168E0D /* ProviderInfo.swift */; };
		C18F609929923F4C00168E0D /* ViewAllReviews.swift in Sources */ = {isa = PBXBuildFile; fileRef = C18F609829923F4C00168E0D /* ViewAllReviews.swift */; };
		C18F609C29923F6D00168E0D /* WriteReview.swift in Sources */ = {isa = PBXBuildFile; fileRef = C18F609B29923F6D00168E0D /* WriteReview.swift */; };
		C18F609F29923F8F00168E0D /* AfterReview.swift in Sources */ = {isa = PBXBuildFile; fileRef = C18F609E29923F8F00168E0D /* AfterReview.swift */; };
		C18F60A129923F9F00168E0D /* Favorites.swift in Sources */ = {isa = PBXBuildFile; fileRef = C18F60A029923F9F00168E0D /* Favorites.swift */; };
		C18F60A32992401300168E0D /* FavoritesEmpty.swift in Sources */ = {isa = PBXBuildFile; fileRef = C18F60A22992401300168E0D /* FavoritesEmpty.swift */; };
		C18F60A52992408400168E0D /* FavoritesNotRegistered.swift in Sources */ = {isa = PBXBuildFile; fileRef = C18F60A42992408400168E0D /* FavoritesNotRegistered.swift */; };
		C18F60A72992409A00168E0D /* Login.swift in Sources */ = {isa = PBXBuildFile; fileRef = C18F60A62992409A00168E0D /* Login.swift */; };
		C18F60A9299240A800168E0D /* SignUp.swift in Sources */ = {isa = PBXBuildFile; fileRef = C18F60A8299240A800168E0D /* SignUp.swift */; };
		C18F60AB299240BB00168E0D /* More.swift in Sources */ = {isa = PBXBuildFile; fileRef = C18F60AA299240BB00168E0D /* More.swift */; };
		C18F60AD299240CB00168E0D /* AboutUs.swift in Sources */ = {isa = PBXBuildFile; fileRef = C18F60AC299240CB00168E0D /* AboutUs.swift */; };
		C18F60AF299240E100168E0D /* AddBusiness.swift in Sources */ = {isa = PBXBuildFile; fileRef = C18F60AE299240E100168E0D /* AddBusiness.swift */; };
		C18F60B12992415D00168E0D /* DeleteAccount.swift in Sources */ = {isa = PBXBuildFile; fileRef = C18F60B02992415D00168E0D /* DeleteAccount.swift */; };
		C18F60B32992417000168E0D /* Logout.swift in Sources */ = {isa = PBXBuildFile; fileRef = C18F60B22992417000168E0D /* Logout.swift */; };
		C18F60B5299250EF00168E0D /* AllModifiers.swift in Sources */ = {isa = PBXBuildFile; fileRef = C18F60B4299250EF00168E0D /* AllModifiers.swift */; };
		C18F60B829937B0500168E0D /* TabBar.swift in Sources */ = {isa = PBXBuildFile; fileRef = C18F60B729937B0500168E0D /* TabBar.swift */; };
/* End PBXBuildFile section */

/* Begin PBXFileReference section */
		82B8912F299B8E69008792D0 /* Service.swift */ = {isa = PBXFileReference; lastKnownFileType = sourcecode.swift; path = Service.swift; sourceTree = "<group>"; };
		C18F607929923E4B00168E0D /* BaheyApp.app */ = {isa = PBXFileReference; explicitFileType = wrapper.application; includeInIndex = 0; path = BaheyApp.app; sourceTree = BUILT_PRODUCTS_DIR; };
		C18F607C29923E4B00168E0D /* BaheyAppApp.swift */ = {isa = PBXFileReference; lastKnownFileType = sourcecode.swift; path = BaheyAppApp.swift; sourceTree = "<group>"; };
		C18F607E29923E4B00168E0D /* ContentView.swift */ = {isa = PBXFileReference; lastKnownFileType = sourcecode.swift; path = ContentView.swift; sourceTree = "<group>"; };
		C18F608029923E4C00168E0D /* Assets.xcassets */ = {isa = PBXFileReference; lastKnownFileType = folder.assetcatalog; path = Assets.xcassets; sourceTree = "<group>"; };
		C18F608E29923EAF00168E0D /* Explore.swift */ = {isa = PBXFileReference; lastKnownFileType = sourcecode.swift; path = Explore.swift; sourceTree = "<group>"; };
		C18F609029923EE500168E0D /* OnBoarding.swift */ = {isa = PBXFileReference; lastKnownFileType = sourcecode.swift; path = OnBoarding.swift; sourceTree = "<group>"; };
		C18F609229923EFE00168E0D /* Splash.swift */ = {isa = PBXFileReference; lastKnownFileType = sourcecode.swift; path = Splash.swift; sourceTree = "<group>"; };
		C18F609429923F2000168E0D /* ExploreCategories.swift */ = {isa = PBXFileReference; lastKnownFileType = sourcecode.swift; path = ExploreCategories.swift; sourceTree = "<group>"; };
		C18F609629923F3800168E0D /* ProviderInfo.swift */ = {isa = PBXFileReference; lastKnownFileType = sourcecode.swift; path = ProviderInfo.swift; sourceTree = "<group>"; };
		C18F609829923F4C00168E0D /* ViewAllReviews.swift */ = {isa = PBXFileReference; lastKnownFileType = sourcecode.swift; path = ViewAllReviews.swift; sourceTree = "<group>"; };
		C18F609B29923F6D00168E0D /* WriteReview.swift */ = {isa = PBXFileReference; lastKnownFileType = sourcecode.swift; path = WriteReview.swift; sourceTree = "<group>"; };
		C18F609E29923F8F00168E0D /* AfterReview.swift */ = {isa = PBXFileReference; lastKnownFileType = sourcecode.swift; path = AfterReview.swift; sourceTree = "<group>"; };
		C18F60A029923F9F00168E0D /* Favorites.swift */ = {isa = PBXFileReference; lastKnownFileType = sourcecode.swift; path = Favorites.swift; sourceTree = "<group>"; };
		C18F60A22992401300168E0D /* FavoritesEmpty.swift */ = {isa = PBXFileReference; lastKnownFileType = sourcecode.swift; path = FavoritesEmpty.swift; sourceTree = "<group>"; };
		C18F60A42992408400168E0D /* FavoritesNotRegistered.swift */ = {isa = PBXFileReference; lastKnownFileType = sourcecode.swift; path = FavoritesNotRegistered.swift; sourceTree = "<group>"; };
		C18F60A62992409A00168E0D /* Login.swift */ = {isa = PBXFileReference; lastKnownFileType = sourcecode.swift; path = Login.swift; sourceTree = "<group>"; };
		C18F60A8299240A800168E0D /* SignUp.swift */ = {isa = PBXFileReference; lastKnownFileType = sourcecode.swift; path = SignUp.swift; sourceTree = "<group>"; };
		C18F60AA299240BB00168E0D /* More.swift */ = {isa = PBXFileReference; lastKnownFileType = sourcecode.swift; path = More.swift; sourceTree = "<group>"; };
		C18F60AC299240CB00168E0D /* AboutUs.swift */ = {isa = PBXFileReference; lastKnownFileType = sourcecode.swift; path = AboutUs.swift; sourceTree = "<group>"; };
		C18F60AE299240E100168E0D /* AddBusiness.swift */ = {isa = PBXFileReference; lastKnownFileType = sourcecode.swift; path = AddBusiness.swift; sourceTree = "<group>"; };
		C18F60B02992415D00168E0D /* DeleteAccount.swift */ = {isa = PBXFileReference; lastKnownFileType = sourcecode.swift; path = DeleteAccount.swift; sourceTree = "<group>"; };
		C18F60B22992417000168E0D /* Logout.swift */ = {isa = PBXFileReference; lastKnownFileType = sourcecode.swift; path = Logout.swift; sourceTree = "<group>"; };
		C18F60B4299250EF00168E0D /* AllModifiers.swift */ = {isa = PBXFileReference; lastKnownFileType = sourcecode.swift; path = AllModifiers.swift; sourceTree = "<group>"; };
		C18F60B729937B0500168E0D /* TabBar.swift */ = {isa = PBXFileReference; lastKnownFileType = sourcecode.swift; path = TabBar.swift; sourceTree = "<group>"; };
/* End PBXFileReference section */

/* Begin PBXFrameworksBuildPhase section */
		C18F607629923E4B00168E0D /* Frameworks */ = {
			isa = PBXFrameworksBuildPhase;
			buildActionMask = 2147483647;
			files = (
			);
			runOnlyForDeploymentPostprocessing = 0;
		};
/* End PBXFrameworksBuildPhase section */

/* Begin PBXGroup section */
		C18F607029923E4B00168E0D = {
			isa = PBXGroup;
			children = (
				C18F607B29923E4B00168E0D /* BaheyApp */,
				C18F607A29923E4B00168E0D /* Products */,
			);
			sourceTree = "<group>";
		};
		C18F607A29923E4B00168E0D /* Products */ = {
			isa = PBXGroup;
			children = (
				C18F607929923E4B00168E0D /* BaheyApp.app */,
			);
			name = Products;
			sourceTree = "<group>";
		};
		C18F607B29923E4B00168E0D /* BaheyApp */ = {
			isa = PBXGroup;
			children = (
				82B8912F299B8E69008792D0 /* Service.swift */,
				C18F607C29923E4B00168E0D /* BaheyAppApp.swift */,
				C18F607E29923E4B00168E0D /* ContentView.swift */,
				C18F60B4299250EF00168E0D /* AllModifiers.swift */,
				C18F608029923E4C00168E0D /* Assets.xcassets */,
				C18F608229923E4C00168E0D /* Preview Content */,
			);
			path = BaheyApp;
			sourceTree = "<group>";
		};
		C18F608229923E4C00168E0D /* Preview Content */ = {
			isa = PBXGroup;
			children = (
				C18F609E29923F8F00168E0D /* AfterReview.swift */,
				C18F609629923F3800168E0D /* ProviderInfo.swift */,
				C18F609829923F4C00168E0D /* ViewAllReviews.swift */,
				C18F609B29923F6D00168E0D /* WriteReview.swift */,
				C18F608E29923EAF00168E0D /* Explore.swift */,
				C18F609029923EE500168E0D /* OnBoarding.swift */,
				C18F609229923EFE00168E0D /* Splash.swift */,
				C18F609429923F2000168E0D /* ExploreCategories.swift */,
				C18F60A029923F9F00168E0D /* Favorites.swift */,
				C18F60A22992401300168E0D /* FavoritesEmpty.swift */,
				C18F60A42992408400168E0D /* FavoritesNotRegistered.swift */,
				C18F60A62992409A00168E0D /* Login.swift */,
				C18F60A8299240A800168E0D /* SignUp.swift */,
				C18F60AA299240BB00168E0D /* More.swift */,
				C18F60AC299240CB00168E0D /* AboutUs.swift */,
				C18F60AE299240E100168E0D /* AddBusiness.swift */,
				C18F60B02992415D00168E0D /* DeleteAccount.swift */,
				C18F60B22992417000168E0D /* Logout.swift */,
				C18F60B729937B0500168E0D /* TabBar.swift */,
			);
			path = "Preview Content";
			sourceTree = "<group>";
		};
/* End PBXGroup section */

/* Begin PBXNativeTarget section */
		C18F607829923E4B00168E0D /* BaheyApp */ = {
			isa = PBXNativeTarget;
			buildConfigurationList = C18F608729923E4C00168E0D /* Build configuration list for PBXNativeTarget "BaheyApp" */;
			buildPhases = (
				C18F607529923E4B00168E0D /* Sources */,
				C18F607629923E4B00168E0D /* Frameworks */,
				C18F607729923E4B00168E0D /* Resources */,
			);
			buildRules = (
			);
			dependencies = (
			);
			name = BaheyApp;
			productName = BaheyApp;
			productReference = C18F607929923E4B00168E0D /* BaheyApp.app */;
			productType = "com.apple.product-type.application";
		};
/* End PBXNativeTarget section */

/* Begin PBXProject section */
		C18F607129923E4B00168E0D /* Project object */ = {
			isa = PBXProject;
			attributes = {
				BuildIndependentTargetsInParallel = 1;
				LastSwiftUpdateCheck = 1420;
				LastUpgradeCheck = 1420;
				TargetAttributes = {
					C18F607829923E4B00168E0D = {
						CreatedOnToolsVersion = 14.2;
					};
				};
			};
			buildConfigurationList = C18F607429923E4B00168E0D /* Build configuration list for PBXProject "BaheyApp" */;
			compatibilityVersion = "Xcode 14.0";
			developmentRegion = en;
			hasScannedForEncodings = 0;
			knownRegions = (
				en,
				Base,
			);
			mainGroup = C18F607029923E4B00168E0D;
			productRefGroup = C18F607A29923E4B00168E0D /* Products */;
			projectDirPath = "";
			projectRoot = "";
			targets = (
				C18F607829923E4B00168E0D /* BaheyApp */,
			);
		};
/* End PBXProject section */

/* Begin PBXResourcesBuildPhase section */
		C18F607729923E4B00168E0D /* Resources */ = {
			isa = PBXResourcesBuildPhase;
			buildActionMask = 2147483647;
			files = (
				C18F608129923E4C00168E0D /* Assets.xcassets in Resources */,
			);
			runOnlyForDeploymentPostprocessing = 0;
		};
/* End PBXResourcesBuildPhase section */

/* Begin PBXSourcesBuildPhase section */
		C18F607529923E4B00168E0D /* Sources */ = {
			isa = PBXSourcesBuildPhase;
			buildActionMask = 2147483647;
			files = (
				C18F609929923F4C00168E0D /* ViewAllReviews.swift in Sources */,
				82B89130299B8E69008792D0 /* Service.swift in Sources */,
				C18F607F29923E4B00168E0D /* ContentView.swift in Sources */,
				C18F608F29923EAF00168E0D /* Explore.swift in Sources */,
				C18F609C29923F6D00168E0D /* WriteReview.swift in Sources */,
				C18F60A9299240A800168E0D /* SignUp.swift in Sources */,
				C18F60AF299240E100168E0D /* AddBusiness.swift in Sources */,
				C18F609729923F3800168E0D /* ProviderInfo.swift in Sources */,
				C18F60A32992401300168E0D /* FavoritesEmpty.swift in Sources */,
				C18F60A129923F9F00168E0D /* Favorites.swift in Sources */,
				C18F60AD299240CB00168E0D /* AboutUs.swift in Sources */,
				C18F60AB299240BB00168E0D /* More.swift in Sources */,
				C18F60A72992409A00168E0D /* Login.swift in Sources */,
				C18F609129923EE500168E0D /* OnBoarding.swift in Sources */,
				C18F60B32992417000168E0D /* Logout.swift in Sources */,
				C18F60A52992408400168E0D /* FavoritesNotRegistered.swift in Sources */,
				C18F609529923F2000168E0D /* ExploreCategories.swift in Sources */,
				C18F607D29923E4B00168E0D /* BaheyAppApp.swift in Sources */,
				C18F609F29923F8F00168E0D /* AfterReview.swift in Sources */,
				C18F609329923EFE00168E0D /* Splash.swift in Sources */,
				C18F60B829937B0500168E0D /* TabBar.swift in Sources */,
				C18F60B5299250EF00168E0D /* AllModifiers.swift in Sources */,
				C18F60B12992415D00168E0D /* DeleteAccount.swift in Sources */,
			);
			runOnlyForDeploymentPostprocessing = 0;
		};
/* End PBXSourcesBuildPhase section */

/* Begin XCBuildConfiguration section */
		C18F608529923E4C00168E0D /* Debug */ = {
			isa = XCBuildConfiguration;
			buildSettings = {
				ALWAYS_SEARCH_USER_PATHS = NO;
				CLANG_ANALYZER_NONNULL = YES;
				CLANG_ANALYZER_NUMBER_OBJECT_CONVERSION = YES_AGGRESSIVE;
				CLANG_CXX_LANGUAGE_STANDARD = "gnu++20";
				CLANG_ENABLE_MODULES = YES;
				CLANG_ENABLE_OBJC_ARC = YES;
				CLANG_ENABLE_OBJC_WEAK = YES;
				CLANG_WARN_BLOCK_CAPTURE_AUTORELEASING = YES;
				CLANG_WARN_BOOL_CONVERSION = YES;
				CLANG_WARN_COMMA = YES;
				CLANG_WARN_CONSTANT_CONVERSION = YES;
				CLANG_WARN_DEPRECATED_OBJC_IMPLEMENTATIONS = YES;
				CLANG_WARN_DIRECT_OBJC_ISA_USAGE = YES_ERROR;
				CLANG_WARN_DOCUMENTATION_COMMENTS = YES;
				CLANG_WARN_EMPTY_BODY = YES;
				CLANG_WARN_ENUM_CONVERSION = YES;
				CLANG_WARN_INFINITE_RECURSION = YES;
				CLANG_WARN_INT_CONVERSION = YES;
				CLANG_WARN_NON_LITERAL_NULL_CONVERSION = YES;
				CLANG_WARN_OBJC_IMPLICIT_RETAIN_SELF = YES;
				CLANG_WARN_OBJC_LITERAL_CONVERSION = YES;
				CLANG_WARN_OBJC_ROOT_CLASS = YES_ERROR;
				CLANG_WARN_QUOTED_INCLUDE_IN_FRAMEWORK_HEADER = YES;
				CLANG_WARN_RANGE_LOOP_ANALYSIS = YES;
				CLANG_WARN_STRICT_PROTOTYPES = YES;
				CLANG_WARN_SUSPICIOUS_MOVE = YES;
				CLANG_WARN_UNGUARDED_AVAILABILITY = YES_AGGRESSIVE;
				CLANG_WARN_UNREACHABLE_CODE = YES;
				CLANG_WARN__DUPLICATE_METHOD_MATCH = YES;
				COPY_PHASE_STRIP = NO;
				DEBUG_INFORMATION_FORMAT = dwarf;
				ENABLE_STRICT_OBJC_MSGSEND = YES;
				ENABLE_TESTABILITY = YES;
				GCC_C_LANGUAGE_STANDARD = gnu11;
				GCC_DYNAMIC_NO_PIC = NO;
				GCC_NO_COMMON_BLOCKS = YES;
				GCC_OPTIMIZATION_LEVEL = 0;
				GCC_PREPROCESSOR_DEFINITIONS = (
					"DEBUG=1",
					"$(inherited)",
				);
				GCC_WARN_64_TO_32_BIT_CONVERSION = YES;
				GCC_WARN_ABOUT_RETURN_TYPE = YES_ERROR;
				GCC_WARN_UNDECLARED_SELECTOR = YES;
				GCC_WARN_UNINITIALIZED_AUTOS = YES_AGGRESSIVE;
				GCC_WARN_UNUSED_FUNCTION = YES;
				GCC_WARN_UNUSED_VARIABLE = YES;
				IPHONEOS_DEPLOYMENT_TARGET = 16.2;
				MTL_ENABLE_DEBUG_INFO = INCLUDE_SOURCE;
				MTL_FAST_MATH = YES;
				ONLY_ACTIVE_ARCH = YES;
				SDKROOT = iphoneos;
				SWIFT_ACTIVE_COMPILATION_CONDITIONS = DEBUG;
				SWIFT_OPTIMIZATION_LEVEL = "-Onone";
			};
			name = Debug;
		};
		C18F608629923E4C00168E0D /* Release */ = {
			isa = XCBuildConfiguration;
			buildSettings = {
				ALWAYS_SEARCH_USER_PATHS = NO;
				CLANG_ANALYZER_NONNULL = YES;
				CLANG_ANALYZER_NUMBER_OBJECT_CONVERSION = YES_AGGRESSIVE;
				CLANG_CXX_LANGUAGE_STANDARD = "gnu++20";
				CLANG_ENABLE_MODULES = YES;
				CLANG_ENABLE_OBJC_ARC = YES;
				CLANG_ENABLE_OBJC_WEAK = YES;
				CLANG_WARN_BLOCK_CAPTURE_AUTORELEASING = YES;
				CLANG_WARN_BOOL_CONVERSION = YES;
				CLANG_WARN_COMMA = YES;
				CLANG_WARN_CONSTANT_CONVERSION = YES;
				CLANG_WARN_DEPRECATED_OBJC_IMPLEMENTATIONS = YES;
				CLANG_WARN_DIRECT_OBJC_ISA_USAGE = YES_ERROR;
				CLANG_WARN_DOCUMENTATION_COMMENTS = YES;
				CLANG_WARN_EMPTY_BODY = YES;
				CLANG_WARN_ENUM_CONVERSION = YES;
				CLANG_WARN_INFINITE_RECURSION = YES;
				CLANG_WARN_INT_CONVERSION = YES;
				CLANG_WARN_NON_LITERAL_NULL_CONVERSION = YES;
				CLANG_WARN_OBJC_IMPLICIT_RETAIN_SELF = YES;
				CLANG_WARN_OBJC_LITERAL_CONVERSION = YES;
				CLANG_WARN_OBJC_ROOT_CLASS = YES_ERROR;
				CLANG_WARN_QUOTED_INCLUDE_IN_FRAMEWORK_HEADER = YES;
				CLANG_WARN_RANGE_LOOP_ANALYSIS = YES;
				CLANG_WARN_STRICT_PROTOTYPES = YES;
				CLANG_WARN_SUSPICIOUS_MOVE = YES;
				CLANG_WARN_UNGUARDED_AVAILABILITY = YES_AGGRESSIVE;
				CLANG_WARN_UNREACHABLE_CODE = YES;
				CLANG_WARN__DUPLICATE_METHOD_MATCH = YES;
				COPY_PHASE_STRIP = NO;
				DEBUG_INFORMATION_FORMAT = "dwarf-with-dsym";
				ENABLE_NS_ASSERTIONS = NO;
				ENABLE_STRICT_OBJC_MSGSEND = YES;
				GCC_C_LANGUAGE_STANDARD = gnu11;
				GCC_NO_COMMON_BLOCKS = YES;
				GCC_WARN_64_TO_32_BIT_CONVERSION = YES;
				GCC_WARN_ABOUT_RETURN_TYPE = YES_ERROR;
				GCC_WARN_UNDECLARED_SELECTOR = YES;
				GCC_WARN_UNINITIALIZED_AUTOS = YES_AGGRESSIVE;
				GCC_WARN_UNUSED_FUNCTION = YES;
				GCC_WARN_UNUSED_VARIABLE = YES;
				IPHONEOS_DEPLOYMENT_TARGET = 16.2;
				MTL_ENABLE_DEBUG_INFO = NO;
				MTL_FAST_MATH = YES;
				SDKROOT = iphoneos;
				SWIFT_COMPILATION_MODE = wholemodule;
				SWIFT_OPTIMIZATION_LEVEL = "-O";
				VALIDATE_PRODUCT = YES;
			};
			name = Release;
		};
		C18F608829923E4C00168E0D /* Debug */ = {
			isa = XCBuildConfiguration;
			buildSettings = {
				ASSETCATALOG_COMPILER_APPICON_NAME = AppIcon;
				ASSETCATALOG_COMPILER_GLOBAL_ACCENT_COLOR_NAME = AccentColor;
				CODE_SIGN_STYLE = Automatic;
				CURRENT_PROJECT_VERSION = 1;
				DEVELOPMENT_ASSET_PATHS = "\"BaheyApp/Preview Content\"";
				ENABLE_PREVIEWS = YES;
				GENERATE_INFOPLIST_FILE = YES;
				INFOPLIST_KEY_UIApplicationSceneManifest_Generation = YES;
				INFOPLIST_KEY_UIApplicationSupportsIndirectInputEvents = YES;
				INFOPLIST_KEY_UILaunchScreen_Generation = YES;
				INFOPLIST_KEY_UISupportedInterfaceOrientations_iPad = "UIInterfaceOrientationPortrait UIInterfaceOrientationPortraitUpsideDown UIInterfaceOrientationLandscapeLeft UIInterfaceOrientationLandscapeRight";
				INFOPLIST_KEY_UISupportedInterfaceOrientations_iPhone = "UIInterfaceOrientationPortrait UIInterfaceOrientationLandscapeLeft UIInterfaceOrientationLandscapeRight";
				LD_RUNPATH_SEARCH_PATHS = (
					"$(inherited)",
					"@executable_path/Frameworks",
				);
				MARKETING_VERSION = 1.0;
				PRODUCT_BUNDLE_IDENTIFIER = com.exame.BaheyApp;
				PRODUCT_NAME = "$(TARGET_NAME)";
				SWIFT_EMIT_LOC_STRINGS = YES;
				SWIFT_VERSION = 5.0;
				TARGETED_DEVICE_FAMILY = "1,2";
			};
			name = Debug;
		};
		C18F608929923E4C00168E0D /* Release */ = {
			isa = XCBuildConfiguration;
			buildSettings = {
				ASSETCATALOG_COMPILER_APPICON_NAME = AppIcon;
				ASSETCATALOG_COMPILER_GLOBAL_ACCENT_COLOR_NAME = AccentColor;
				CODE_SIGN_STYLE = Automatic;
				CURRENT_PROJECT_VERSION = 1;
				DEVELOPMENT_ASSET_PATHS = "\"BaheyApp/Preview Content\"";
				ENABLE_PREVIEWS = YES;
				GENERATE_INFOPLIST_FILE = YES;
				INFOPLIST_KEY_UIApplicationSceneManifest_Generation = YES;
				INFOPLIST_KEY_UIApplicationSupportsIndirectInputEvents = YES;
				INFOPLIST_KEY_UILaunchScreen_Generation = YES;
				INFOPLIST_KEY_UISupportedInterfaceOrientations_iPad = "UIInterfaceOrientationPortrait UIInterfaceOrientationPortraitUpsideDown UIInterfaceOrientationLandscapeLeft UIInterfaceOrientationLandscapeRight";
				INFOPLIST_KEY_UISupportedInterfaceOrientations_iPhone = "UIInterfaceOrientationPortrait UIInterfaceOrientationLandscapeLeft UIInterfaceOrientationLandscapeRight";
				LD_RUNPATH_SEARCH_PATHS = (
					"$(inherited)",
					"@executable_path/Frameworks",
				);
				MARKETING_VERSION = 1.0;
				PRODUCT_BUNDLE_IDENTIFIER = com.exame.BaheyApp;
				PRODUCT_NAME = "$(TARGET_NAME)";
				SWIFT_EMIT_LOC_STRINGS = YES;
				SWIFT_VERSION = 5.0;
				TARGETED_DEVICE_FAMILY = "1,2";
			};
			name = Release;
		};
/* End XCBuildConfiguration section */

/* Begin XCConfigurationList section */
		C18F607429923E4B00168E0D /* Build configuration list for PBXProject "BaheyApp" */ = {
			isa = XCConfigurationList;
			buildConfigurations = (
				C18F608529923E4C00168E0D /* Debug */,
				C18F608629923E4C00168E0D /* Release */,
			);
			defaultConfigurationIsVisible = 0;
			defaultConfigurationName = Release;
		};
		C18F608729923E4C00168E0D /* Build configuration list for PBXNativeTarget "BaheyApp" */ = {
			isa = XCConfigurationList;
			buildConfigurations = (
				C18F608829923E4C00168E0D /* Debug */,
				C18F608929923E4C00168E0D /* Release */,
			);
			defaultConfigurationIsVisible = 0;
			defaultConfigurationName = Release;
		};
/* End XCConfigurationList section */
	};
	rootObject = C18F607129923E4B00168E0D /* Project object */;
}
